{
  "name": "02-compartments",
  "version": "1.0.0",
  "lockfileVersion": 2,
  "requires": true,
  "packages": {
    "": {
      "name": "02-compartments",
      "version": "1.0.0",
      "license": "ISC",
      "dependencies": {
        "ses": "^0.17.0"
      }
    },
    "node_modules/ses": {
      "version": "0.17.0",
      "resolved": "https://registry.npmjs.org/ses/-/ses-0.17.0.tgz",
      "integrity": "sha512-ObQ4DF4OgkmuPVRZLSmB1E+8jWh6lnlSpN9JHnphAUb/5J6k7da+7kj63cXrz53NDPd69rUV3DsfRBNBx8xcPQ=="
    }
  },
  "dependencies": {
    "ses": {
      "version": "0.17.0",
      "resolved": "https://registry.npmjs.org/ses/-/ses-0.17.0.tgz",
      "integrity": "sha512-ObQ4DF4OgkmuPVRZLSmB1E+8jWh6lnlSpN9JHnphAUb/5J6k7da+7kj63cXrz53NDPd69rUV3DsfRBNBx8xcPQ=="
    }
  }
}
