{
  "name": "04-eventual-send",
  "version": "1.0.0",
  "lockfileVersion": 2,
  "requires": true,
  "packages": {
    "": {
      "name": "04-eventual-send",
      "version": "1.0.0",
      "license": "ISC",
      "dependencies": {
        "@agoric/far": "^0.1.1",
        "@endo/captp": "^2.0.17",
        "@endo/init": "^0.5.51"
      }
    },
    "node_modules/@agoric/assert": {
      "version": "0.3.16",
      "resolved": "https://registry.npmjs.org/@agoric/assert/-/assert-0.3.16.tgz",
      "integrity": "sha512-E86z0vysD2ZM0mHtdXqSsG3lenfS81pWiV/ZTh/4DcsqxuBO9AvI3JHUEreMyoB3tyrOiFOHECTxndMlrj5Kzw==",
      "engines": {
        "node": ">=11.0"
      }
    },
    "node_modules/@agoric/eventual-send": {
      "version": "0.14.1",
      "resolved": "https://registry.npmjs.org/@agoric/eventual-send/-/eventual-send-0.14.1.tgz",
      "integrity": "sha512-E1gr1LhkN/imwiXIdjTQZ7pOao82avOIDsoSgjPwoFU1jrysRE8UIUGBogBn7GGFUEPogo16rrsfKzb35ZayOw=="
    },
    "node_modules/@agoric/far": {
      "version": "0.1.1",
      "resolved": "https://registry.npmjs.org/@agoric/far/-/far-0.1.1.tgz",
      "integrity": "sha512-kftomTuWJ+oiy3Ho+7VMrrwMCDQBPCcVay7w8Ei2WQX1t7J/fhqamnl8IF6rAd41Dy8becsXVE5yQ0UwmELDRg==",
      "deprecated": "Moved to @endo/far",
      "dependencies": {
        "@agoric/eventual-send": "^0.14.0",
        "@agoric/marshal": "^0.5.0"
      }
    },
    "node_modules/@agoric/marshal": {
      "version": "0.5.0",
      "resolved": "https://registry.npmjs.org/@agoric/marshal/-/marshal-0.5.0.tgz",
      "integrity": "sha512-NAl7RMkElWJBtgFkD3aAkQRpGedatns2OWbBMgDXV2iVWSpxJPf1s1Ufcr5enJLKjpRlGzXGewCN4Q+BkWp1FA==",
      "deprecated": "Moved to @endo/marshal",
      "dependencies": {
        "@agoric/assert": "^0.3.15",
        "@agoric/eventual-send": "^0.14.0",
        "@agoric/nat": "^4.1.0",
        "@agoric/promise-kit": "^0.2.29"
      }
    },
    "node_modules/@agoric/nat": {
      "version": "4.1.0",
      "resolved": "https://registry.npmjs.org/@agoric/nat/-/nat-4.1.0.tgz",
      "integrity": "sha512-2oMoh3DMn0Fx8HChPPiH8irBNdT/33ttxAZJohhd3nU3gyBRQ1u+eEoOQWfSkrE6M02iMkQM7GE9MzGmjQ6bHg=="
    },
    "node_modules/@agoric/promise-kit": {
      "version": "0.2.29",
      "resolved": "https://registry.npmjs.org/@agoric/promise-kit/-/promise-kit-0.2.29.tgz",
      "integrity": "sha512-DjHYcXDfmw5Vq6WhhgLVtli43W+OhfqN6n9FwYl3q7jayuh34YI5WJznyZnMxT6esRBpPO+JMDXb96thgXS0KA==",
      "deprecated": "Moved to @endo/promise-kit",
      "dependencies": {
        "@agoric/eventual-send": "^0.14.0"
      },
      "engines": {
        "node": ">=11.0"
      }
    },
    "node_modules/@endo/base64": {
      "version": "0.2.27",
      "resolved": "https://registry.npmjs.org/@endo/base64/-/base64-0.2.27.tgz",
      "integrity": "sha512-5LVFV7EDZemO+G8plo3pENFNmuCbo4G3Mnj8meRh9P7VyYlRK3QSvUe7QZ59BUb88iByPd6h0/a2PWyUC+zucw=="
    },
    "node_modules/@endo/captp": {
      "version": "2.0.17",
      "resolved": "https://registry.npmjs.org/@endo/captp/-/captp-2.0.17.tgz",
      "integrity": "sha512-pikqvvbiJ9f2RJT4JRQd6fznHx1P5PwrwRvH8A36vPWJ7jZ5PKUfgMPr1SYK8Y8XmKLITMsi3lD5A0K5nXoUnA==",
      "dependencies": {
        "@endo/eventual-send": "^0.16.7",
        "@endo/marshal": "^0.8.0",
        "@endo/nat": "^4.1.22",
        "@endo/promise-kit": "^0.2.51"
      }
    },
    "node_modules/@endo/eventual-send": {
      "version": "0.16.7",
      "resolved": "https://registry.npmjs.org/@endo/eventual-send/-/eventual-send-0.16.7.tgz",
      "integrity": "sha512-K0UEs6wFNs3lNMk/9CFTmPs38d4HeLDUBCCQsndDD1ZcMimekp4Hm/myHUaVpAbvrZpFCWgZGP8NK1mzns4VKw=="
    },
    "node_modules/@endo/init": {
      "version": "0.5.51",
      "resolved": "https://registry.npmjs.org/@endo/init/-/init-0.5.51.tgz",
      "integrity": "sha512-kubWUdbGasl3cRU1j+HkCaWCx7Nq6FRfniOuCoQXCJU1B8zVYdlMq/unVG97GC3ruTr9iTs9mKZ67uwo6QhCJA==",
      "dependencies": {
        "@endo/base64": "^0.2.27",
        "@endo/eventual-send": "^0.16.7",
        "@endo/lockdown": "^0.1.23",
        "@endo/promise-kit": "^0.2.51"
      }
    },
    "node_modules/@endo/lockdown": {
      "version": "0.1.23",
      "resolved": "https://registry.npmjs.org/@endo/lockdown/-/lockdown-0.1.23.tgz",
      "integrity": "sha512-dzm7qTAGmAI0o0uvO/f7tibLi17LMKVqBi87vgtzipj+70kOm0sngiY4mYIbnIEY+Ike0ls2Mnj405UA+f84/w==",
      "dependencies": {
        "ses": "^0.17.0"
      }
    },
    "node_modules/@endo/marshal": {
      "version": "0.8.0",
      "resolved": "https://registry.npmjs.org/@endo/marshal/-/marshal-0.8.0.tgz",
      "integrity": "sha512-LnDnvTLVEhAMPwsCoFUmvXU991WPAadyNyDX8WlG4wbunMg54qwfh9SdADPKxfYo6XAzBcbJaSchaB9dYjC1vw==",
      "dependencies": {
        "@endo/eventual-send": "^0.16.7",
        "@endo/nat": "^4.1.22",
        "@endo/promise-kit": "^0.2.51"
      }
    },
    "node_modules/@endo/nat": {
      "version": "4.1.22",
      "resolved": "https://registry.npmjs.org/@endo/nat/-/nat-4.1.22.tgz",
      "integrity": "sha512-Ke/vh39nJfIpbUzIWzqG4z00MhXt3Y9x4aVoGja5xuIUa+vdhwCLVoeclD5OkTaZl7rO3NlovJnNfxnaoywdDw=="
    },
    "node_modules/@endo/promise-kit": {
      "version": "0.2.51",
      "resolved": "https://registry.npmjs.org/@endo/promise-kit/-/promise-kit-0.2.51.tgz",
      "integrity": "sha512-OSQhb/VI7dzuv5IdTSoy3N0hS1lF2LDQPj0WkqtcEv62NxhXp5IKaaS8ue6UVs5FK/RGhXGppxN0rU1qMT8mQQ==",
      "dependencies": {
        "ses": "^0.17.0"
      },
      "engines": {
        "node": ">=11.0"
      }
    },
    "node_modules/ses": {
      "version": "0.17.0",
      "resolved": "https://registry.npmjs.org/ses/-/ses-0.17.0.tgz",
      "integrity": "sha512-ObQ4DF4OgkmuPVRZLSmB1E+8jWh6lnlSpN9JHnphAUb/5J6k7da+7kj63cXrz53NDPd69rUV3DsfRBNBx8xcPQ=="
    }
  },
  "dependencies": {
    "@agoric/assert": {
      "version": "0.3.16",
      "resolved": "https://registry.npmjs.org/@agoric/assert/-/assert-0.3.16.tgz",
      "integrity": "sha512-E86z0vysD2ZM0mHtdXqSsG3lenfS81pWiV/ZTh/4DcsqxuBO9AvI3JHUEreMyoB3tyrOiFOHECTxndMlrj5Kzw=="
    },
    "@agoric/eventual-send": {
      "version": "0.14.1",
      "resolved": "https://registry.npmjs.org/@agoric/eventual-send/-/eventual-send-0.14.1.tgz",
      "integrity": "sha512-E1gr1LhkN/imwiXIdjTQZ7pOao82avOIDsoSgjPwoFU1jrysRE8UIUGBogBn7GGFUEPogo16rrsfKzb35ZayOw=="
    },
    "@agoric/far": {
      "version": "0.1.1",
      "resolved": "https://registry.npmjs.org/@agoric/far/-/far-0.1.1.tgz",
      "integrity": "sha512-kftomTuWJ+oiy3Ho+7VMrrwMCDQBPCcVay7w8Ei2WQX1t7J/fhqamnl8IF6rAd41Dy8becsXVE5yQ0UwmELDRg==",
      "requires": {
        "@agoric/eventual-send": "^0.14.0",
        "@agoric/marshal": "^0.5.0"
      }
    },
    "@agoric/marshal": {
      "version": "0.5.0",
      "resolved": "https://registry.npmjs.org/@agoric/marshal/-/marshal-0.5.0.tgz",
      "integrity": "sha512-NAl7RMkElWJBtgFkD3aAkQRpGedatns2OWbBMgDXV2iVWSpxJPf1s1Ufcr5enJLKjpRlGzXGewCN4Q+BkWp1FA==",
      "requires": {
        "@agoric/assert": "^0.3.15",
        "@agoric/eventual-send": "^0.14.0",
        "@agoric/nat": "^4.1.0",
        "@agoric/promise-kit": "^0.2.29"
      }
    },
    "@agoric/nat": {
      "version": "4.1.0",
      "resolved": "https://registry.npmjs.org/@agoric/nat/-/nat-4.1.0.tgz",
      "integrity": "sha512-2oMoh3DMn0Fx8HChPPiH8irBNdT/33ttxAZJohhd3nU3gyBRQ1u+eEoOQWfSkrE6M02iMkQM7GE9MzGmjQ6bHg=="
    },
    "@agoric/promise-kit": {
      "version": "0.2.29",
      "resolved": "https://registry.npmjs.org/@agoric/promise-kit/-/promise-kit-0.2.29.tgz",
      "integrity": "sha512-DjHYcXDfmw5Vq6WhhgLVtli43W+OhfqN6n9FwYl3q7jayuh34YI5WJznyZnMxT6esRBpPO+JMDXb96thgXS0KA==",
      "requires": {
        "@agoric/eventual-send": "^0.14.0"
      }
    },
    "@endo/base64": {
      "version": "0.2.27",
      "resolved": "https://registry.npmjs.org/@endo/base64/-/base64-0.2.27.tgz",
      "integrity": "sha512-5LVFV7EDZemO+G8plo3pENFNmuCbo4G3Mnj8meRh9P7VyYlRK3QSvUe7QZ59BUb88iByPd6h0/a2PWyUC+zucw=="
    },
    "@endo/captp": {
      "version": "2.0.17",
      "resolved": "https://registry.npmjs.org/@endo/captp/-/captp-2.0.17.tgz",
      "integrity": "sha512-pikqvvbiJ9f2RJT4JRQd6fznHx1P5PwrwRvH8A36vPWJ7jZ5PKUfgMPr1SYK8Y8XmKLITMsi3lD5A0K5nXoUnA==",
      "requires": {
        "@endo/eventual-send": "^0.16.7",
        "@endo/marshal": "^0.8.0",
        "@endo/nat": "^4.1.22",
        "@endo/promise-kit": "^0.2.51"
      }
    },
    "@endo/eventual-send": {
      "version": "0.16.7",
      "resolved": "https://registry.npmjs.org/@endo/eventual-send/-/eventual-send-0.16.7.tgz",
      "integrity": "sha512-K0UEs6wFNs3lNMk/9CFTmPs38d4HeLDUBCCQsndDD1ZcMimekp4Hm/myHUaVpAbvrZpFCWgZGP8NK1mzns4VKw=="
    },
    "@endo/init": {
      "version": "0.5.51",
      "resolved": "https://registry.npmjs.org/@endo/init/-/init-0.5.51.tgz",
      "integrity": "sha512-kubWUdbGasl3cRU1j+HkCaWCx7Nq6FRfniOuCoQXCJU1B8zVYdlMq/unVG97GC3ruTr9iTs9mKZ67uwo6QhCJA==",
      "requires": {
        "@endo/base64": "^0.2.27",
        "@endo/eventual-send": "^0.16.7",
        "@endo/lockdown": "^0.1.23",
        "@endo/promise-kit": "^0.2.51"
      }
    },
    "@endo/lockdown": {
      "version": "0.1.23",
      "resolved": "https://registry.npmjs.org/@endo/lockdown/-/lockdown-0.1.23.tgz",
      "integrity": "sha512-dzm7qTAGmAI0o0uvO/f7tibLi17LMKVqBi87vgtzipj+70kOm0sngiY4mYIbnIEY+Ike0ls2Mnj405UA+f84/w==",
      "requires": {
        "ses": "^0.17.0"
      }
    },
    "@endo/marshal": {
      "version": "0.8.0",
      "resolved": "https://registry.npmjs.org/@endo/marshal/-/marshal-0.8.0.tgz",
      "integrity": "sha512-LnDnvTLVEhAMPwsCoFUmvXU991WPAadyNyDX8WlG4wbunMg54qwfh9SdADPKxfYo6XAzBcbJaSchaB9dYjC1vw==",
      "requires": {
        "@endo/eventual-send": "^0.16.7",
        "@endo/nat": "^4.1.22",
        "@endo/promise-kit": "^0.2.51"
      }
    },
    "@endo/nat": {
      "version": "4.1.22",
      "resolved": "https://registry.npmjs.org/@endo/nat/-/nat-4.1.22.tgz",
      "integrity": "sha512-Ke/vh39nJfIpbUzIWzqG4z00MhXt3Y9x4aVoGja5xuIUa+vdhwCLVoeclD5OkTaZl7rO3NlovJnNfxnaoywdDw=="
    },
    "@endo/promise-kit": {
      "version": "0.2.51",
      "resolved": "https://registry.npmjs.org/@endo/promise-kit/-/promise-kit-0.2.51.tgz",
      "integrity": "sha512-OSQhb/VI7dzuv5IdTSoy3N0hS1lF2LDQPj0WkqtcEv62NxhXp5IKaaS8ue6UVs5FK/RGhXGppxN0rU1qMT8mQQ==",
      "requires": {
        "ses": "^0.17.0"
      }
    },
    "ses": {
      "version": "0.17.0",
      "resolved": "https://registry.npmjs.org/ses/-/ses-0.17.0.tgz",
      "integrity": "sha512-ObQ4DF4OgkmuPVRZLSmB1E+8jWh6lnlSpN9JHnphAUb/5J6k7da+7kj63cXrz53NDPd69rUV3DsfRBNBx8xcPQ=="
    }
  }
}
