{
  "name": "06-remotables",
  "version": "1.0.0",
  "lockfileVersion": 2,
  "requires": true,
  "packages": {
    "": {
      "name": "06-remotables",
      "version": "1.0.0",
      "license": "ISC",
      "dependencies": {
        "@endo/marshal": "^0.8.0"
      }
    },
    "node_modules/@endo/eventual-send": {
      "version": "0.16.7",
      "resolved": "https://registry.npmjs.org/@endo/eventual-send/-/eventual-send-0.16.7.tgz",
      "integrity": "sha512-K0UEs6wFNs3lNMk/9CFTmPs38d4HeLDUBCCQsndDD1ZcMimekp4Hm/myHUaVpAbvrZpFCWgZGP8NK1mzns4VKw=="
    },
    "node_modules/@endo/marshal": {
      "version": "0.8.0",
      "resolved": "https://registry.npmjs.org/@endo/marshal/-/marshal-0.8.0.tgz",
      "integrity": "sha512-LnDnvTLVEhAMPwsCoFUmvXU991WPAadyNyDX8WlG4wbunMg54qwfh9SdADPKxfYo6XAzBcbJaSchaB9dYjC1vw==",
      "dependencies": {
        "@endo/eventual-send": "^0.16.7",
        "@endo/nat": "^4.1.22",
        "@endo/promise-kit": "^0.2.51"
      }
    },
    "node_modules/@endo/nat": {
      "version": "4.1.22",
      "resolved": "https://registry.npmjs.org/@endo/nat/-/nat-4.1.22.tgz",
      "integrity": "sha512-Ke/vh39nJfIpbUzIWzqG4z00MhXt3Y9x4aVoGja5xuIUa+vdhwCLVoeclD5OkTaZl7rO3NlovJnNfxnaoywdDw=="
    },
    "node_modules/@endo/promise-kit": {
      "version": "0.2.51",
      "resolved": "https://registry.npmjs.org/@endo/promise-kit/-/promise-kit-0.2.51.tgz",
      "integrity": "sha512-OSQhb/VI7dzuv5IdTSoy3N0hS1lF2LDQPj0WkqtcEv62NxhXp5IKaaS8ue6UVs5FK/RGhXGppxN0rU1qMT8mQQ==",
      "dependencies": {
        "ses": "^0.17.0"
      },
      "engines": {
        "node": ">=11.0"
      }
    },
    "node_modules/ses": {
      "version": "0.17.0",
      "resolved": "https://registry.npmjs.org/ses/-/ses-0.17.0.tgz",
      "integrity": "sha512-ObQ4DF4OgkmuPVRZLSmB1E+8jWh6lnlSpN9JHnphAUb/5J6k7da+7kj63cXrz53NDPd69rUV3DsfRBNBx8xcPQ=="
    }
  },
  "dependencies": {
    "@endo/eventual-send": {
      "version": "0.16.7",
      "resolved": "https://registry.npmjs.org/@endo/eventual-send/-/eventual-send-0.16.7.tgz",
      "integrity": "sha512-K0UEs6wFNs3lNMk/9CFTmPs38d4HeLDUBCCQsndDD1ZcMimekp4Hm/myHUaVpAbvrZpFCWgZGP8NK1mzns4VKw=="
    },
    "@endo/marshal": {
      "version": "0.8.0",
      "resolved": "https://registry.npmjs.org/@endo/marshal/-/marshal-0.8.0.tgz",
      "integrity": "sha512-LnDnvTLVEhAMPwsCoFUmvXU991WPAadyNyDX8WlG4wbunMg54qwfh9SdADPKxfYo6XAzBcbJaSchaB9dYjC1vw==",
      "requires": {
        "@endo/eventual-send": "^0.16.7",
        "@endo/nat": "^4.1.22",
        "@endo/promise-kit": "^0.2.51"
      }
    },
    "@endo/nat": {
      "version": "4.1.22",
      "resolved": "https://registry.npmjs.org/@endo/nat/-/nat-4.1.22.tgz",
      "integrity": "sha512-Ke/vh39nJfIpbUzIWzqG4z00MhXt3Y9x4aVoGja5xuIUa+vdhwCLVoeclD5OkTaZl7rO3NlovJnNfxnaoywdDw=="
    },
    "@endo/promise-kit": {
      "version": "0.2.51",
      "resolved": "https://registry.npmjs.org/@endo/promise-kit/-/promise-kit-0.2.51.tgz",
      "integrity": "sha512-OSQhb/VI7dzuv5IdTSoy3N0hS1lF2LDQPj0WkqtcEv62NxhXp5IKaaS8ue6UVs5FK/RGhXGppxN0rU1qMT8mQQ==",
      "requires": {
        "ses": "^0.17.0"
      }
    },
    "ses": {
      "version": "0.17.0",
      "resolved": "https://registry.npmjs.org/ses/-/ses-0.17.0.tgz",
      "integrity": "sha512-ObQ4DF4OgkmuPVRZLSmB1E+8jWh6lnlSpN9JHnphAUb/5J6k7da+7kj63cXrz53NDPd69rUV3DsfRBNBx8xcPQ=="
    }
  }
}
