{
  "name": "05-notifiers-subscriptions",
  "version": "1.0.0",
  "lockfileVersion": 2,
  "requires": true,
  "packages": {
    "": {
      "name": "05-notifiers-subscriptions",
      "version": "1.0.0",
      "license": "ISC",
      "dependencies": {
        "@agoric/notifier": "^0.5.1",
        "@endo/init": "^0.5.51"
      }
    },
    "node_modules/@agoric/assert": {
      "version": "0.5.1",
      "resolved": "https://registry.npmjs.org/@agoric/assert/-/assert-0.5.1.tgz",
      "integrity": "sha512-1BOAJ9rMgZejm3s/LEd5CDzSdTeF5TCV+5xZctjfkVsbmGpZ/+B0ip1COYGZQ+XrVnkJuux60L3Ux9LwPIZgRg==",
      "engines": {
        "node": ">=14.15.0"
      }
    },
    "node_modules/@agoric/notifier": {
      "version": "0.5.1",
      "resolved": "https://registry.npmjs.org/@agoric/notifier/-/notifier-0.5.1.tgz",
      "integrity": "sha512-aczYmc2LSHoGzImk6+NLbyfEIx1WNZtOR7TWMa2Oq4uz/bWc6HzRk1TV22ReKQkwS+lM7n0IVecNGULBrjEQUw==",
      "dependencies": {
        "@agoric/assert": "^0.5.1",
        "@endo/eventual-send": "^0.16.5",
        "@endo/marshal": "^0.7.5",
        "@endo/promise-kit": "^0.2.49"
      },
      "engines": {
        "node": ">=14.15.0"
      }
    },
    "node_modules/@endo/base64": {
      "version": "0.2.27",
      "resolved": "https://registry.npmjs.org/@endo/base64/-/base64-0.2.27.tgz",
      "integrity": "sha512-5LVFV7EDZemO+G8plo3pENFNmuCbo4G3Mnj8meRh9P7VyYlRK3QSvUe7QZ59BUb88iByPd6h0/a2PWyUC+zucw=="
    },
    "node_modules/@endo/eventual-send": {
      "version": "0.16.7",
      "resolved": "https://registry.npmjs.org/@endo/eventual-send/-/eventual-send-0.16.7.tgz",
      "integrity": "sha512-K0UEs6wFNs3lNMk/9CFTmPs38d4HeLDUBCCQsndDD1ZcMimekp4Hm/myHUaVpAbvrZpFCWgZGP8NK1mzns4VKw=="
    },
    "node_modules/@endo/init": {
      "version": "0.5.51",
      "resolved": "https://registry.npmjs.org/@endo/init/-/init-0.5.51.tgz",
      "integrity": "sha512-kubWUdbGasl3cRU1j+HkCaWCx7Nq6FRfniOuCoQXCJU1B8zVYdlMq/unVG97GC3ruTr9iTs9mKZ67uwo6QhCJA==",
      "dependencies": {
        "@endo/base64": "^0.2.27",
        "@endo/eventual-send": "^0.16.7",
        "@endo/lockdown": "^0.1.23",
        "@endo/promise-kit": "^0.2.51"
      }
    },
    "node_modules/@endo/lockdown": {
      "version": "0.1.23",
      "resolved": "https://registry.npmjs.org/@endo/lockdown/-/lockdown-0.1.23.tgz",
      "integrity": "sha512-dzm7qTAGmAI0o0uvO/f7tibLi17LMKVqBi87vgtzipj+70kOm0sngiY4mYIbnIEY+Ike0ls2Mnj405UA+f84/w==",
      "dependencies": {
        "ses": "^0.17.0"
      }
    },
    "node_modules/@endo/marshal": {
      "version": "0.7.6",
      "resolved": "https://registry.npmjs.org/@endo/marshal/-/marshal-0.7.6.tgz",
      "integrity": "sha512-pF8j8ErymZhfUO2teMxAxWx3eay0aN82Tezy8yt2LzBjV8kQ1TtaAowinE2pGnQKI+M+yDN+cBruY+BJMdUV3Q==",
      "dependencies": {
        "@endo/eventual-send": "^0.16.6",
        "@endo/nat": "^4.1.21",
        "@endo/promise-kit": "^0.2.50"
      }
    },
    "node_modules/@endo/nat": {
      "version": "4.1.22",
      "resolved": "https://registry.npmjs.org/@endo/nat/-/nat-4.1.22.tgz",
      "integrity": "sha512-Ke/vh39nJfIpbUzIWzqG4z00MhXt3Y9x4aVoGja5xuIUa+vdhwCLVoeclD5OkTaZl7rO3NlovJnNfxnaoywdDw=="
    },
    "node_modules/@endo/promise-kit": {
      "version": "0.2.51",
      "resolved": "https://registry.npmjs.org/@endo/promise-kit/-/promise-kit-0.2.51.tgz",
      "integrity": "sha512-OSQhb/VI7dzuv5IdTSoy3N0hS1lF2LDQPj0WkqtcEv62NxhXp5IKaaS8ue6UVs5FK/RGhXGppxN0rU1qMT8mQQ==",
      "dependencies": {
        "ses": "^0.17.0"
      },
      "engines": {
        "node": ">=11.0"
      }
    },
    "node_modules/ses": {
      "version": "0.17.0",
      "resolved": "https://registry.npmjs.org/ses/-/ses-0.17.0.tgz",
      "integrity": "sha512-ObQ4DF4OgkmuPVRZLSmB1E+8jWh6lnlSpN9JHnphAUb/5J6k7da+7kj63cXrz53NDPd69rUV3DsfRBNBx8xcPQ=="
    }
  },
  "dependencies": {
    "@agoric/assert": {
      "version": "0.5.1",
      "resolved": "https://registry.npmjs.org/@agoric/assert/-/assert-0.5.1.tgz",
      "integrity": "sha512-1BOAJ9rMgZejm3s/LEd5CDzSdTeF5TCV+5xZctjfkVsbmGpZ/+B0ip1COYGZQ+XrVnkJuux60L3Ux9LwPIZgRg=="
    },
    "@agoric/notifier": {
      "version": "0.5.1",
      "resolved": "https://registry.npmjs.org/@agoric/notifier/-/notifier-0.5.1.tgz",
      "integrity": "sha512-aczYmc2LSHoGzImk6+NLbyfEIx1WNZtOR7TWMa2Oq4uz/bWc6HzRk1TV22ReKQkwS+lM7n0IVecNGULBrjEQUw==",
      "requires": {
        "@agoric/assert": "^0.5.1",
        "@endo/eventual-send": "^0.16.5",
        "@endo/marshal": "^0.7.5",
        "@endo/promise-kit": "^0.2.49"
      }
    },
    "@endo/base64": {
      "version": "0.2.27",
      "resolved": "https://registry.npmjs.org/@endo/base64/-/base64-0.2.27.tgz",
      "integrity": "sha512-5LVFV7EDZemO+G8plo3pENFNmuCbo4G3Mnj8meRh9P7VyYlRK3QSvUe7QZ59BUb88iByPd6h0/a2PWyUC+zucw=="
    },
    "@endo/eventual-send": {
      "version": "0.16.7",
      "resolved": "https://registry.npmjs.org/@endo/eventual-send/-/eventual-send-0.16.7.tgz",
      "integrity": "sha512-K0UEs6wFNs3lNMk/9CFTmPs38d4HeLDUBCCQsndDD1ZcMimekp4Hm/myHUaVpAbvrZpFCWgZGP8NK1mzns4VKw=="
    },
    "@endo/init": {
      "version": "0.5.51",
      "resolved": "https://registry.npmjs.org/@endo/init/-/init-0.5.51.tgz",
      "integrity": "sha512-kubWUdbGasl3cRU1j+HkCaWCx7Nq6FRfniOuCoQXCJU1B8zVYdlMq/unVG97GC3ruTr9iTs9mKZ67uwo6QhCJA==",
      "requires": {
        "@endo/base64": "^0.2.27",
        "@endo/eventual-send": "^0.16.7",
        "@endo/lockdown": "^0.1.23",
        "@endo/promise-kit": "^0.2.51"
      }
    },
    "@endo/lockdown": {
      "version": "0.1.23",
      "resolved": "https://registry.npmjs.org/@endo/lockdown/-/lockdown-0.1.23.tgz",
      "integrity": "sha512-dzm7qTAGmAI0o0uvO/f7tibLi17LMKVqBi87vgtzipj+70kOm0sngiY4mYIbnIEY+Ike0ls2Mnj405UA+f84/w==",
      "requires": {
        "ses": "^0.17.0"
      }
    },
    "@endo/marshal": {
      "version": "0.7.6",
      "resolved": "https://registry.npmjs.org/@endo/marshal/-/marshal-0.7.6.tgz",
      "integrity": "sha512-pF8j8ErymZhfUO2teMxAxWx3eay0aN82Tezy8yt2LzBjV8kQ1TtaAowinE2pGnQKI+M+yDN+cBruY+BJMdUV3Q==",
      "requires": {
        "@endo/eventual-send": "^0.16.6",
        "@endo/nat": "^4.1.21",
        "@endo/promise-kit": "^0.2.50"
      }
    },
    "@endo/nat": {
      "version": "4.1.22",
      "resolved": "https://registry.npmjs.org/@endo/nat/-/nat-4.1.22.tgz",
      "integrity": "sha512-Ke/vh39nJfIpbUzIWzqG4z00MhXt3Y9x4aVoGja5xuIUa+vdhwCLVoeclD5OkTaZl7rO3NlovJnNfxnaoywdDw=="
    },
    "@endo/promise-kit": {
      "version": "0.2.51",
      "resolved": "https://registry.npmjs.org/@endo/promise-kit/-/promise-kit-0.2.51.tgz",
      "integrity": "sha512-OSQhb/VI7dzuv5IdTSoy3N0hS1lF2LDQPj0WkqtcEv62NxhXp5IKaaS8ue6UVs5FK/RGhXGppxN0rU1qMT8mQQ==",
      "requires": {
        "ses": "^0.17.0"
      }
    },
    "ses": {
      "version": "0.17.0",
      "resolved": "https://registry.npmjs.org/ses/-/ses-0.17.0.tgz",
      "integrity": "sha512-ObQ4DF4OgkmuPVRZLSmB1E+8jWh6lnlSpN9JHnphAUb/5J6k7da+7kj63cXrz53NDPd69rUV3DsfRBNBx8xcPQ=="
    }
  }
}
